
Microsoft Visual Studio Solution File, Format Version 12.00
# Visual Studio Version 17
VisualStudioVersion = 17.1.32210.238
MinimumVisualStudioVersion = 10.0.40219.1
Project("{FAE04EC0-301F-11D3-BF4B-00C04F79EFBC}") = "ProductReviewManagement", "ProductReviewManagement\ProductReviewManagement.csproj", "{D556AED0-05B5-46F0-9A6E-74DAEDB8049F}"
EndProject
Global
	GlobalSection(SolutionConfigurationPlatforms) = preSolution
		Debug|Any CPU = Debug|Any CPU
		Release|Any CPU = Release|Any CPU
	EndGlobalSection
	GlobalSection(ProjectConfigurationPlatforms) = postSolution
		{D556AED0-05B5-46F0-9A6E-74DAEDB8049F}.Debug|Any CPU.ActiveCfg = Debug|Any CPU
		{D556AED0-05B5-46F0-9A6E-74DAEDB8049F}.Debug|Any CPU.Build.0 = Debug|Any CPU
		{D556AED0-05B5-46F0-9A6E-74DAEDB8049F}.Release|Any CPU.ActiveCfg = Release|Any CPU
		{D556AED0-05B5-46F0-9A6E-74DAEDB8049F}.Release|Any CPU.Build.0 = Release|Any CPU
	EndGlobalSection
	GlobalSection(SolutionProperties) = preSolution
		HideSolutionNode = FALSE
	EndGlobalSection
	GlobalSection(ExtensibilityGlobals) = postSolution
		SolutionGuid = {A7BD5AF9-592F-4718-BD2D-267385901648}
	EndGlobalSection
EndGlobal
